
Microsoft Visual Studio Solution File, Format Version 12.00
# Visual Studio Version 16
VisualStudioVersion = 16.0.29306.81
MinimumVisualStudioVersion = 10.0.40219.1
Project("{FAE04EC0-301F-11D3-BF4B-00C04F79EFBC}") = "CodeCowboy.NetworkRoute", "CodeCowboy.NetworkRoute.csproj", "{58B046CC-9CB1-4B50-805E-31CA6C38AA46}"
EndProject
Project("{FAE04EC0-301F-11D3-BF4B-00C04F79EFBC}") = "CodeCowboy.NeworkRoute.Main", "..\CodeCowboy.NeworkRoute.Main\CodeCowboy.NeworkRoute.Main.csproj", "{06D77F00-9199-4C86-BEB0-A5EFDF0F9C6E}"
EndProject
Global
	GlobalSection(SolutionConfigurationPlatforms) = preSolution
		Debug|Any CPU = Debug|Any CPU
		Release|Any CPU = Release|Any CPU
	EndGlobalSection
	GlobalSection(ProjectConfigurationPlatforms) = postSolution
		{58B046CC-9CB1-4B50-805E-31CA6C38AA46}.Debug|Any CPU.ActiveCfg = Debug|Any CPU
		{58B046CC-9CB1-4B50-805E-31CA6C38AA46}.Debug|Any CPU.Build.0 = Debug|Any CPU
		{58B046CC-9CB1-4B50-805E-31CA6C38AA46}.Release|Any CPU.ActiveCfg = Release|Any CPU
		{58B046CC-9CB1-4B50-805E-31CA6C38AA46}.Release|Any CPU.Build.0 = Release|Any CPU
		{06D77F00-9199-4C86-BEB0-A5EFDF0F9C6E}.Debug|Any CPU.ActiveCfg = Debug|Any CPU
		{06D77F00-9199-4C86-BEB0-A5EFDF0F9C6E}.Debug|Any CPU.Build.0 = Debug|Any CPU
		{06D77F00-9199-4C86-BEB0-A5EFDF0F9C6E}.Release|Any CPU.ActiveCfg = Release|Any CPU
		{06D77F00-9199-4C86-BEB0-A5EFDF0F9C6E}.Release|Any CPU.Build.0 = Release|Any CPU
	EndGlobalSection
	GlobalSection(SolutionProperties) = preSolution
		HideSolutionNode = FALSE
	EndGlobalSection
	GlobalSection(ExtensibilityGlobals) = postSolution
		SolutionGuid = {C5E86C06-F6D9-4559-9A34-B33FF0C3F84C}
	EndGlobalSection
EndGlobal
